
Microsoft Visual Studio Solution File, Format Version 12.00
# Visual Studio Version 17
VisualStudioVersion = 17.5.002.0
MinimumVisualStudioVersion = 10.0.40219.1
Project("{9A19103F-16F7-4668-BE54-9A1E7A4F7556}") = "TodoList", "TodoList.csproj", "{8853C524-90DC-46E0-B2F4-3F1E258FA840}"
EndProject
Global
	GlobalSection(SolutionConfigurationPlatforms) = preSolution
		Debug|Any CPU = Debug|Any CPU
		Release|Any CPU = Release|Any CPU
	EndGlobalSection
	GlobalSection(ProjectConfigurationPlatforms) = postSolution
		{8853C524-90DC-46E0-B2F4-3F1E258FA840}.Debug|Any CPU.ActiveCfg = Debug|Any CPU
		{8853C524-90DC-46E0-B2F4-3F1E258FA840}.Debug|Any CPU.Build.0 = Debug|Any CPU
		{8853C524-90DC-46E0-B2F4-3F1E258FA840}.Release|Any CPU.ActiveCfg = Release|Any CPU
		{8853C524-90DC-46E0-B2F4-3F1E258FA840}.Release|Any CPU.Build.0 = Release|Any CPU
	EndGlobalSection
	GlobalSection(SolutionProperties) = preSolution
		HideSolutionNode = FALSE
	EndGlobalSection
	GlobalSection(ExtensibilityGlobals) = postSolution
		SolutionGuid = {8E0C96B4-8006-495D-AB5C-EA8F7B1F16DC}
	EndGlobalSection
EndGlobal
